
Microsoft Visual Studio Solution File, Format Version 12.00
# Visual Studio 15
VisualStudioVersion = 15.0.28010.2041
MinimumVisualStudioVersion = 10.0.40219.1
Project("{8BC9CEB8-8B4A-11D0-8D11-00A0C91BC942}") = "UDP-Client", "UDP-Client\UDP-Client.vcxproj", "{F91399C5-3796-44B9-9661-FED2C62531C9}"
EndProject
Global
	GlobalSection(SolutionConfigurationPlatforms) = preSolution
		Debug|x64 = Debug|x64
		Debug|x86 = Debug|x86
		Release|x64 = Release|x64
		Release|x86 = Release|x86
	EndGlobalSection
	GlobalSection(ProjectConfigurationPlatforms) = postSolution
		{F91399C5-3796-44B9-9661-FED2C62531C9}.Debug|x64.ActiveCfg = Debug|x64
		{F91399C5-3796-44B9-9661-FED2C62531C9}.Debug|x64.Build.0 = Debug|x64
		{F91399C5-3796-44B9-9661-FED2C62531C9}.Debug|x86.ActiveCfg = Debug|Win32
		{F91399C5-3796-44B9-9661-FED2C62531C9}.Debug|x86.Build.0 = Debug|Win32
		{F91399C5-3796-44B9-9661-FED2C62531C9}.Release|x64.ActiveCfg = Release|x64
		{F91399C5-3796-44B9-9661-FED2C62531C9}.Release|x64.Build.0 = Release|x64
		{F91399C5-3796-44B9-9661-FED2C62531C9}.Release|x86.ActiveCfg = Release|Win32
		{F91399C5-3796-44B9-9661-FED2C62531C9}.Release|x86.Build.0 = Release|Win32
	EndGlobalSection
	GlobalSection(SolutionProperties) = preSolution
		HideSolutionNode = FALSE
	EndGlobalSection
	GlobalSection(ExtensibilityGlobals) = postSolution
		SolutionGuid = {962DDF1F-683E-40F5-AAAD-8B50838FFB8E}
	EndGlobalSection
EndGlobal
